package:
  name: lua-resty-lock
  version: "0.09"
  epoch: 5
  description: "Simple nonblocking lock API for ngx_lua based on shared memory dictionaries"
  copyright:
    - license: BSD-3-Clause

environment:
  contents:
    packages:
      - build-base
      - busybox
      - ca-certificates-bundle
      - wolfi-base
  environment:
    PREFIX: "/usr"

pipeline:
  - uses: git-checkout
    with:
      repository: https://github.com/openresty/lua-resty-lock
      tag: v${{package.version}}
      expected-commit: 9dc550e56b6f3b1a2f1a31bb270a91813b5b6861

  - uses: autoconf/make-install

update:
  enabled: true
  github:
    identifier: openresty/lua-resty-lock
    strip-prefix: v
    use-tag: true
