package:
  name: lua-resty-lock
  version: 0.08
  epoch: 0
  description: "Simple nonblocking lock API for ngx_lua based on shared memory dictionaries"
  copyright:
    - license: BSD
  dependencies:
    runtime:

environment:
  contents:
    packages:
      - wolfi-base
      - busybox
      - ca-certificates-bundle
      - build-base

pipeline:
  - uses: fetch
    with:
      uri: https://github.com/openresty/lua-resty-lock/archive/v${{package.version}}.tar.gz
      expected-sha256: 2b4683f9abe73e18ca00345c65010c9056777970907a311d6e1699f753141de2
      strip-components: 1

  - uses: autoconf/make-install

update:
  enabled: false
