package:
  name: lua-resty-lock
  version: 0.09
  epoch: 1
  description: "Simple nonblocking lock API for ngx_lua based on shared memory dictionaries"
  copyright:
    - license: BSD

environment:
  contents:
    packages:
      - build-base
      - busybox
      - ca-certificates-bundle
      - wolfi-base
  environment:
    PREFIX: /usr

pipeline:
  - uses: fetch
    with:
      uri: https://github.com/openresty/lua-resty-lock/archive/v${{package.version}}.tar.gz
      expected-sha256: b4ddcd47db347e9adf5c1e1491a6279a6ae2a3aff3155ef77ea0a65c998a69c1
      strip-components: 1

  - uses: autoconf/make-install

update:
  enabled: true
  github:
    identifier: openresty/lua-resty-lock
    strip-prefix: v
    use-tag: true
