# Generated from https://pypi.org/project/filelock/
package:
  name: py3-filelock
  version: 3.12.3
  epoch: 1
  description: A platform independent file lock.
  copyright:
    - license: Unlicense
  dependencies:
    runtime:
      - py3-typing-extensions
      - python3

environment:
  contents:
    packages:
      - ca-certificates-bundle
      - wolfi-base
      - busybox
      - python3
      - py3-setuptools
      - py3-build
      - py3-installer

pipeline:
  - uses: git-checkout
    with:
      repository: https://github.com/benediktschmitt/py-filelock
      tag: ${{package.version}}
      expected-commit: 23130fffbc62850e7867b813d721387c71e58beb

  - name: Python Build
    runs: |
      python -m build
      python3 -m installer -d "${{targets.destdir}}" dist/*.whl
      find ${{targets.destdir}} -name "*.pyc" -exec rm -rf '{}' +

  - uses: strip

update:
  enabled: true
  github:
    identifier: benediktschmitt/py-filelock
    use-tag: true
