# Generated from https://pypi.org/project/filelock/
package:
  name: py3-filelock
  version: 3.13.1
  epoch: 1
  description: A platform independent file lock.
  copyright:
    - license: Unlicense
  dependencies:
    runtime:
      - py3-typing-extensions
      - python3

environment:
  contents:
    packages:
      - busybox
      - ca-certificates-bundle
      - py3-build
      - py3-installer
      - py3-setuptools
      - python3
      - wolfi-base
  environment:
    # This is needed to work around the error "ValueError: ZIP does not support timestamps before 1980"
    SOURCE_DATE_EPOCH: 315532800

pipeline:
  - uses: git-checkout
    with:
      repository: https://github.com/benediktschmitt/py-filelock
      tag: ${{package.version}}
      expected-commit: 141f5d8c21be2830a9d93ad4ad822acf4b0f8a12

  - name: Python Build
    runs: |
      python -m build
      python3 -m installer -d "${{targets.destdir}}" dist/*.whl
      find ${{targets.destdir}} -name "*.pyc" -exec rm -rf '{}' +

  - uses: strip

update:
  enabled: true
  github:
    identifier: benediktschmitt/py-filelock
    use-tag: true
