# Generated from https://github.com/ruby/io-nonblock
package:
  name: ruby3.4-io-nonblock
  version: 0.3.1
  epoch: 0
  description: Enables non-blocking mode with IO class
  copyright:
    - license: Ruby
    - license: BSD-2-Clause

environment:
  contents:
    packages:
      - build-base
      - busybox
      - ca-certificates-bundle
      - git
      - ruby-${{vars.rubyMM}}
      - ruby-${{vars.rubyMM}}-dev
      - ruby3.4-rubygems

pipeline:
  - uses: fetch
    with:
      expected-sha256: b5e4165a587bae243e145f12f6cc6d13648407239bac56a0ae27560564d62ac2
      uri: https://github.com/ruby/io-nonblock/archive/refs/tags/v${{package.version}}.tar.gz

  - uses: ruby/build
    with:
      gem: ${{vars.gem}}

  - uses: ruby/install
    with:
      gem: ${{vars.gem}}
      version: ${{package.version}}

  - uses: ruby/clean

vars:
  gem: io-nonblock
  rubyMM: "3.4"
